
Microsoft Visual Studio Solution File, Format Version 12.00
# Visual Studio Version 16
VisualStudioVersion = 16.0.29905.134
MinimumVisualStudioVersion = 10.0.40219.1
Project("{9A19103F-16F7-4668-BE54-9A1E7A4F7556}") = "OS", "OS.csproj", "{A03D4E30-0F9E-4B34-87DE-101C4F568EB9}"
EndProject
Global
	GlobalSection(SolutionConfigurationPlatforms) = preSolution
		Debug|Any CPU = Debug|Any CPU
		Release|Any CPU = Release|Any CPU
	EndGlobalSection
	GlobalSection(ProjectConfigurationPlatforms) = postSolution
		{A03D4E30-0F9E-4B34-87DE-101C4F568EB9}.Debug|Any CPU.ActiveCfg = Debug|Any CPU
		{A03D4E30-0F9E-4B34-87DE-101C4F568EB9}.Debug|Any CPU.Build.0 = Debug|Any CPU
		{A03D4E30-0F9E-4B34-87DE-101C4F568EB9}.Release|Any CPU.ActiveCfg = Release|Any CPU
		{A03D4E30-0F9E-4B34-87DE-101C4F568EB9}.Release|Any CPU.Build.0 = Release|Any CPU
	EndGlobalSection
	GlobalSection(SolutionProperties) = preSolution
		HideSolutionNode = FALSE
	EndGlobalSection
	GlobalSection(ExtensibilityGlobals) = postSolution
		SolutionGuid = {88607DBB-F766-4009-9C52-19026FF70654}
	EndGlobalSection
EndGlobal
